
Microsoft Visual Studio Solution File, Format Version 12.00
# Visual Studio 15
VisualStudioVersion = 15.0.26124.0
MinimumVisualStudioVersion = 15.0.26124.0
Project("{FAE04EC0-301F-11D3-BF4B-00C04F79EFBC}") = "API", "API\API.csproj", "{A6C9B679-2F68-448C-AC9D-202CAD408406}"
EndProject
Project("{FAE04EC0-301F-11D3-BF4B-00C04F79EFBC}") = "Core", "Core\Core.csproj", "{C0BAACD6-4450-428C-AD0A-FAF94251CF50}"
EndProject
Project("{FAE04EC0-301F-11D3-BF4B-00C04F79EFBC}") = "Infrastructure", "Infrastructure\Infrastructure.csproj", "{DE5394C6-CF0B-4C99-B43E-AF7B232EEFFB}"
EndProject
Global
	GlobalSection(SolutionConfigurationPlatforms) = preSolution
		Debug|Any CPU = Debug|Any CPU
		Debug|x64 = Debug|x64
		Debug|x86 = Debug|x86
		Release|Any CPU = Release|Any CPU
		Release|x64 = Release|x64
		Release|x86 = Release|x86
	EndGlobalSection
	GlobalSection(SolutionProperties) = preSolution
		HideSolutionNode = FALSE
	EndGlobalSection
	GlobalSection(ProjectConfigurationPlatforms) = postSolution
		{A6C9B679-2F68-448C-AC9D-202CAD408406}.Debug|Any CPU.ActiveCfg = Debug|Any CPU
		{A6C9B679-2F68-448C-AC9D-202CAD408406}.Debug|Any CPU.Build.0 = Debug|Any CPU
		{A6C9B679-2F68-448C-AC9D-202CAD408406}.Debug|x64.ActiveCfg = Debug|Any CPU
		{A6C9B679-2F68-448C-AC9D-202CAD408406}.Debug|x64.Build.0 = Debug|Any CPU
		{A6C9B679-2F68-448C-AC9D-202CAD408406}.Debug|x86.ActiveCfg = Debug|Any CPU
		{A6C9B679-2F68-448C-AC9D-202CAD408406}.Debug|x86.Build.0 = Debug|Any CPU
		{A6C9B679-2F68-448C-AC9D-202CAD408406}.Release|Any CPU.ActiveCfg = Release|Any CPU
		{A6C9B679-2F68-448C-AC9D-202CAD408406}.Release|Any CPU.Build.0 = Release|Any CPU
		{A6C9B679-2F68-448C-AC9D-202CAD408406}.Release|x64.ActiveCfg = Release|Any CPU
		{A6C9B679-2F68-448C-AC9D-202CAD408406}.Release|x64.Build.0 = Release|Any CPU
		{A6C9B679-2F68-448C-AC9D-202CAD408406}.Release|x86.ActiveCfg = Release|Any CPU
		{A6C9B679-2F68-448C-AC9D-202CAD408406}.Release|x86.Build.0 = Release|Any CPU
		{C0BAACD6-4450-428C-AD0A-FAF94251CF50}.Debug|Any CPU.ActiveCfg = Debug|Any CPU
		{C0BAACD6-4450-428C-AD0A-FAF94251CF50}.Debug|Any CPU.Build.0 = Debug|Any CPU
		{C0BAACD6-4450-428C-AD0A-FAF94251CF50}.Debug|x64.ActiveCfg = Debug|Any CPU
		{C0BAACD6-4450-428C-AD0A-FAF94251CF50}.Debug|x64.Build.0 = Debug|Any CPU
		{C0BAACD6-4450-428C-AD0A-FAF94251CF50}.Debug|x86.ActiveCfg = Debug|Any CPU
		{C0BAACD6-4450-428C-AD0A-FAF94251CF50}.Debug|x86.Build.0 = Debug|Any CPU
		{C0BAACD6-4450-428C-AD0A-FAF94251CF50}.Release|Any CPU.ActiveCfg = Release|Any CPU
		{C0BAACD6-4450-428C-AD0A-FAF94251CF50}.Release|Any CPU.Build.0 = Release|Any CPU
		{C0BAACD6-4450-428C-AD0A-FAF94251CF50}.Release|x64.ActiveCfg = Release|Any CPU
		{C0BAACD6-4450-428C-AD0A-FAF94251CF50}.Release|x64.Build.0 = Release|Any CPU
		{C0BAACD6-4450-428C-AD0A-FAF94251CF50}.Release|x86.ActiveCfg = Release|Any CPU
		{C0BAACD6-4450-428C-AD0A-FAF94251CF50}.Release|x86.Build.0 = Release|Any CPU
		{DE5394C6-CF0B-4C99-B43E-AF7B232EEFFB}.Debug|Any CPU.ActiveCfg = Debug|Any CPU
		{DE5394C6-CF0B-4C99-B43E-AF7B232EEFFB}.Debug|Any CPU.Build.0 = Debug|Any CPU
		{DE5394C6-CF0B-4C99-B43E-AF7B232EEFFB}.Debug|x64.ActiveCfg = Debug|Any CPU
		{DE5394C6-CF0B-4C99-B43E-AF7B232EEFFB}.Debug|x64.Build.0 = Debug|Any CPU
		{DE5394C6-CF0B-4C99-B43E-AF7B232EEFFB}.Debug|x86.ActiveCfg = Debug|Any CPU
		{DE5394C6-CF0B-4C99-B43E-AF7B232EEFFB}.Debug|x86.Build.0 = Debug|Any CPU
		{DE5394C6-CF0B-4C99-B43E-AF7B232EEFFB}.Release|Any CPU.ActiveCfg = Release|Any CPU
		{DE5394C6-CF0B-4C99-B43E-AF7B232EEFFB}.Release|Any CPU.Build.0 = Release|Any CPU
		{DE5394C6-CF0B-4C99-B43E-AF7B232EEFFB}.Release|x64.ActiveCfg = Release|Any CPU
		{DE5394C6-CF0B-4C99-B43E-AF7B232EEFFB}.Release|x64.Build.0 = Release|Any CPU
		{DE5394C6-CF0B-4C99-B43E-AF7B232EEFFB}.Release|x86.ActiveCfg = Release|Any CPU
		{DE5394C6-CF0B-4C99-B43E-AF7B232EEFFB}.Release|x86.Build.0 = Release|Any CPU
	EndGlobalSection
EndGlobal
